
Microsoft Visual Studio Solution File, Format Version 12.00
# Visual Studio Express 2013 for Windows Desktop
VisualStudioVersion = 12.0.40629.0
MinimumVisualStudioVersion = 10.0.40219.1
Project("{FAE04EC0-301F-11D3-BF4B-00C04F79EFBC}") = "Adapter", "Adapter\Adapter.csproj", "{5191ED94-240D-48A2-9450-0FD66C497882}"
EndProject
Project("{FAE04EC0-301F-11D3-BF4B-00C04F79EFBC}") = "Bridge", "Bridge\Bridge.csproj", "{CAA631B8-7486-4D3C-AA09-146AF50C4627}"
EndProject
Global
	GlobalSection(SolutionConfigurationPlatforms) = preSolution
		Debug|Any CPU = Debug|Any CPU
		Release|Any CPU = Release|Any CPU
	EndGlobalSection
	GlobalSection(ProjectConfigurationPlatforms) = postSolution
		{5191ED94-240D-48A2-9450-0FD66C497882}.Debug|Any CPU.ActiveCfg = Debug|Any CPU
		{5191ED94-240D-48A2-9450-0FD66C497882}.Debug|Any CPU.Build.0 = Debug|Any CPU
		{5191ED94-240D-48A2-9450-0FD66C497882}.Release|Any CPU.ActiveCfg = Release|Any CPU
		{5191ED94-240D-48A2-9450-0FD66C497882}.Release|Any CPU.Build.0 = Release|Any CPU
		{CAA631B8-7486-4D3C-AA09-146AF50C4627}.Debug|Any CPU.ActiveCfg = Debug|Any CPU
		{CAA631B8-7486-4D3C-AA09-146AF50C4627}.Debug|Any CPU.Build.0 = Debug|Any CPU
		{CAA631B8-7486-4D3C-AA09-146AF50C4627}.Release|Any CPU.ActiveCfg = Release|Any CPU
		{CAA631B8-7486-4D3C-AA09-146AF50C4627}.Release|Any CPU.Build.0 = Release|Any CPU
	EndGlobalSection
	GlobalSection(SolutionProperties) = preSolution
		HideSolutionNode = FALSE
	EndGlobalSection
EndGlobal
