
Microsoft Visual Studio Solution File, Format Version 12.00
# Visual Studio Express 2013 for Windows Desktop
VisualStudioVersion = 12.0.40629.0
MinimumVisualStudioVersion = 10.0.40219.1
Project("{FAE04EC0-301F-11D3-BF4B-00C04F79EFBC}") = "Adapter", "Adapter\Adapter.csproj", "{5191ED94-240D-48A2-9450-0FD66C497882}"
EndProject
Project("{FAE04EC0-301F-11D3-BF4B-00C04F79EFBC}") = "Bridge", "Bridge\Bridge.csproj", "{CAA631B8-7486-4D3C-AA09-146AF50C4627}"
EndProject
Project("{FAE04EC0-301F-11D3-BF4B-00C04F79EFBC}") = "Composite", "Composite\Composite.csproj", "{9810CEEE-D50C-45CD-8324-02BB6556C938}"
EndProject
Project("{FAE04EC0-301F-11D3-BF4B-00C04F79EFBC}") = "Decorator", "Decorator\Decorator.csproj", "{B2F8CFA8-5512-44FF-A095-CA2A9B9E67AC}"
EndProject
Project("{FAE04EC0-301F-11D3-BF4B-00C04F79EFBC}") = "Facade", "Facade\Facade.csproj", "{70355460-2F1B-466E-902F-81536B0D0C11}"
EndProject
Project("{FAE04EC0-301F-11D3-BF4B-00C04F79EFBC}") = "Flyweight", "Flyweight\Flyweight.csproj", "{4B5134D6-F25C-4A83-9775-8E29959BBCC7}"
EndProject
Project("{FAE04EC0-301F-11D3-BF4B-00C04F79EFBC}") = "Proxy", "Proxy\Proxy.csproj", "{06EBA166-6D45-430F-A2BC-7166E777AB3C}"
EndProject
Global
	GlobalSection(SolutionConfigurationPlatforms) = preSolution
		Debug|Any CPU = Debug|Any CPU
		Release|Any CPU = Release|Any CPU
	EndGlobalSection
	GlobalSection(ProjectConfigurationPlatforms) = postSolution
		{5191ED94-240D-48A2-9450-0FD66C497882}.Debug|Any CPU.ActiveCfg = Debug|Any CPU
		{5191ED94-240D-48A2-9450-0FD66C497882}.Debug|Any CPU.Build.0 = Debug|Any CPU
		{5191ED94-240D-48A2-9450-0FD66C497882}.Release|Any CPU.ActiveCfg = Release|Any CPU
		{5191ED94-240D-48A2-9450-0FD66C497882}.Release|Any CPU.Build.0 = Release|Any CPU
		{CAA631B8-7486-4D3C-AA09-146AF50C4627}.Debug|Any CPU.ActiveCfg = Debug|Any CPU
		{CAA631B8-7486-4D3C-AA09-146AF50C4627}.Debug|Any CPU.Build.0 = Debug|Any CPU
		{CAA631B8-7486-4D3C-AA09-146AF50C4627}.Release|Any CPU.ActiveCfg = Release|Any CPU
		{CAA631B8-7486-4D3C-AA09-146AF50C4627}.Release|Any CPU.Build.0 = Release|Any CPU
		{9810CEEE-D50C-45CD-8324-02BB6556C938}.Debug|Any CPU.ActiveCfg = Debug|Any CPU
		{9810CEEE-D50C-45CD-8324-02BB6556C938}.Debug|Any CPU.Build.0 = Debug|Any CPU
		{9810CEEE-D50C-45CD-8324-02BB6556C938}.Release|Any CPU.ActiveCfg = Release|Any CPU
		{9810CEEE-D50C-45CD-8324-02BB6556C938}.Release|Any CPU.Build.0 = Release|Any CPU
		{B2F8CFA8-5512-44FF-A095-CA2A9B9E67AC}.Debug|Any CPU.ActiveCfg = Debug|Any CPU
		{B2F8CFA8-5512-44FF-A095-CA2A9B9E67AC}.Debug|Any CPU.Build.0 = Debug|Any CPU
		{B2F8CFA8-5512-44FF-A095-CA2A9B9E67AC}.Release|Any CPU.ActiveCfg = Release|Any CPU
		{B2F8CFA8-5512-44FF-A095-CA2A9B9E67AC}.Release|Any CPU.Build.0 = Release|Any CPU
		{70355460-2F1B-466E-902F-81536B0D0C11}.Debug|Any CPU.ActiveCfg = Debug|Any CPU
		{70355460-2F1B-466E-902F-81536B0D0C11}.Debug|Any CPU.Build.0 = Debug|Any CPU
		{70355460-2F1B-466E-902F-81536B0D0C11}.Release|Any CPU.ActiveCfg = Release|Any CPU
		{70355460-2F1B-466E-902F-81536B0D0C11}.Release|Any CPU.Build.0 = Release|Any CPU
		{4B5134D6-F25C-4A83-9775-8E29959BBCC7}.Debug|Any CPU.ActiveCfg = Debug|Any CPU
		{4B5134D6-F25C-4A83-9775-8E29959BBCC7}.Debug|Any CPU.Build.0 = Debug|Any CPU
		{4B5134D6-F25C-4A83-9775-8E29959BBCC7}.Release|Any CPU.ActiveCfg = Release|Any CPU
		{4B5134D6-F25C-4A83-9775-8E29959BBCC7}.Release|Any CPU.Build.0 = Release|Any CPU
		{06EBA166-6D45-430F-A2BC-7166E777AB3C}.Debug|Any CPU.ActiveCfg = Debug|Any CPU
		{06EBA166-6D45-430F-A2BC-7166E777AB3C}.Debug|Any CPU.Build.0 = Debug|Any CPU
		{06EBA166-6D45-430F-A2BC-7166E777AB3C}.Release|Any CPU.ActiveCfg = Release|Any CPU
		{06EBA166-6D45-430F-A2BC-7166E777AB3C}.Release|Any CPU.Build.0 = Release|Any CPU
	EndGlobalSection
	GlobalSection(SolutionProperties) = preSolution
		HideSolutionNode = FALSE
	EndGlobalSection
EndGlobal
